
Microsoft Visual Studio Solution File, Format Version 12.00
# Visual Studio Version 17
VisualStudioVersion = 17.3.32929.385
MinimumVisualStudioVersion = 10.0.40219.1
Project("{9A19103F-16F7-4668-BE54-9A1E7A4F7556}") = "CoreApiWithEntity.API", "CoreApiWithEntity\CoreApiWithEntity.API.csproj", "{E0ECBED4-9103-4F4E-BECD-329E91A7F7FB}"
EndProject
Project("{9A19103F-16F7-4668-BE54-9A1E7A4F7556}") = "CoreApiWithEntity.BLL", "CoreApiWithEntity.BLL\CoreApiWithEntity.BLL.csproj", "{6069820D-F14B-432F-9D1C-D2BAD516E9FD}"
EndProject
Project("{9A19103F-16F7-4668-BE54-9A1E7A4F7556}") = "CoreApiWithEntity.DAL", "CoreApiWithEntity.DAL\CoreApiWithEntity.DAL.csproj", "{7A966302-4B36-4EC7-BFE9-519056E0C48E}"
EndProject
Global
	GlobalSection(SolutionConfigurationPlatforms) = preSolution
		Debug|Any CPU = Debug|Any CPU
		Release|Any CPU = Release|Any CPU
	EndGlobalSection
	GlobalSection(ProjectConfigurationPlatforms) = postSolution
		{E0ECBED4-9103-4F4E-BECD-329E91A7F7FB}.Debug|Any CPU.ActiveCfg = Debug|Any CPU
		{E0ECBED4-9103-4F4E-BECD-329E91A7F7FB}.Debug|Any CPU.Build.0 = Debug|Any CPU
		{E0ECBED4-9103-4F4E-BECD-329E91A7F7FB}.Release|Any CPU.ActiveCfg = Release|Any CPU
		{E0ECBED4-9103-4F4E-BECD-329E91A7F7FB}.Release|Any CPU.Build.0 = Release|Any CPU
		{6069820D-F14B-432F-9D1C-D2BAD516E9FD}.Debug|Any CPU.ActiveCfg = Debug|Any CPU
		{6069820D-F14B-432F-9D1C-D2BAD516E9FD}.Debug|Any CPU.Build.0 = Debug|Any CPU
		{6069820D-F14B-432F-9D1C-D2BAD516E9FD}.Release|Any CPU.ActiveCfg = Release|Any CPU
		{6069820D-F14B-432F-9D1C-D2BAD516E9FD}.Release|Any CPU.Build.0 = Release|Any CPU
		{7A966302-4B36-4EC7-BFE9-519056E0C48E}.Debug|Any CPU.ActiveCfg = Debug|Any CPU
		{7A966302-4B36-4EC7-BFE9-519056E0C48E}.Debug|Any CPU.Build.0 = Debug|Any CPU
		{7A966302-4B36-4EC7-BFE9-519056E0C48E}.Release|Any CPU.ActiveCfg = Release|Any CPU
		{7A966302-4B36-4EC7-BFE9-519056E0C48E}.Release|Any CPU.Build.0 = Release|Any CPU
	EndGlobalSection
	GlobalSection(SolutionProperties) = preSolution
		HideSolutionNode = FALSE
	EndGlobalSection
	GlobalSection(ExtensibilityGlobals) = postSolution
		SolutionGuid = {537D5981-3041-4866-932D-E4BDCEA67D6A}
	EndGlobalSection
EndGlobal
